
Microsoft Visual Studio Solution File, Format Version 12.00
# Visual Studio Version 17
VisualStudioVersion = 17.10.35013.160
MinimumVisualStudioVersion = 10.0.40219.1
Project("{FAE04EC0-301F-11D3-BF4B-00C04F79EFBC}") = "EnergyManager.Web", "EnergyManager.Web\EnergyManager.Web.csproj", "{60C6059B-9D3C-46F9-9DBB-DE1314B5AEE4}"
EndProject
Project("{FAE04EC0-301F-11D3-BF4B-00C04F79EFBC}") = "EnergyManager.Tests", "EnergyManager.Tests\EnergyManager.Tests.csproj", "{7908ACED-76A7-4AA3-B731-B2E42BB08E9C}"
EndProject
Project("{FAE04EC0-301F-11D3-BF4B-00C04F79EFBC}") = "EnergyManager.Models", "EnergyManager.Models\EnergyManager.Models.csproj", "{8B41A280-EA75-425B-A7A3-70F1BF54E034}"
EndProject
Project("{FAE04EC0-301F-11D3-BF4B-00C04F79EFBC}") = "EnergyManager.Services", "EnergyManager.Services\EnergyManager.Services.csproj", "{C166B237-504D-4CB8-ACFA-E55E54301B31}"
EndProject
Project("{FAE04EC0-301F-11D3-BF4B-00C04F79EFBC}") = "EnergyManager.Contracts", "EnergyManager.Contracts\EnergyManager.Contracts.csproj", "{1D8A9559-9C90-4305-9A69-6AAE0A0CB176}"
EndProject
Project("{FAE04EC0-301F-11D3-BF4B-00C04F79EFBC}") = "EnergyManager.Data", "EnergyManager.Data\EnergyManager.Data.csproj", "{379F017C-4A35-4412-8634-A35F1E90CB67}"
EndProject
Project("{FAE04EC0-301F-11D3-BF4B-00C04F79EFBC}") = "EnergyManager.Enums", "EnergyManager.Enums\EnergyManager.Enums.csproj", "{607779C7-199F-46AF-A241-AC8439A31B9E}"
EndProject
Global
	GlobalSection(SolutionConfigurationPlatforms) = preSolution
		Debug|Any CPU = Debug|Any CPU
		Release|Any CPU = Release|Any CPU
	EndGlobalSection
	GlobalSection(ProjectConfigurationPlatforms) = postSolution
		{60C6059B-9D3C-46F9-9DBB-DE1314B5AEE4}.Debug|Any CPU.ActiveCfg = Debug|Any CPU
		{60C6059B-9D3C-46F9-9DBB-DE1314B5AEE4}.Debug|Any CPU.Build.0 = Debug|Any CPU
		{60C6059B-9D3C-46F9-9DBB-DE1314B5AEE4}.Release|Any CPU.ActiveCfg = Release|Any CPU
		{60C6059B-9D3C-46F9-9DBB-DE1314B5AEE4}.Release|Any CPU.Build.0 = Release|Any CPU
		{7908ACED-76A7-4AA3-B731-B2E42BB08E9C}.Debug|Any CPU.ActiveCfg = Debug|Any CPU
		{7908ACED-76A7-4AA3-B731-B2E42BB08E9C}.Debug|Any CPU.Build.0 = Debug|Any CPU
		{7908ACED-76A7-4AA3-B731-B2E42BB08E9C}.Release|Any CPU.ActiveCfg = Release|Any CPU
		{7908ACED-76A7-4AA3-B731-B2E42BB08E9C}.Release|Any CPU.Build.0 = Release|Any CPU
		{8B41A280-EA75-425B-A7A3-70F1BF54E034}.Debug|Any CPU.ActiveCfg = Debug|Any CPU
		{8B41A280-EA75-425B-A7A3-70F1BF54E034}.Debug|Any CPU.Build.0 = Debug|Any CPU
		{8B41A280-EA75-425B-A7A3-70F1BF54E034}.Release|Any CPU.ActiveCfg = Release|Any CPU
		{8B41A280-EA75-425B-A7A3-70F1BF54E034}.Release|Any CPU.Build.0 = Release|Any CPU
		{C166B237-504D-4CB8-ACFA-E55E54301B31}.Debug|Any CPU.ActiveCfg = Debug|Any CPU
		{C166B237-504D-4CB8-ACFA-E55E54301B31}.Debug|Any CPU.Build.0 = Debug|Any CPU
		{C166B237-504D-4CB8-ACFA-E55E54301B31}.Release|Any CPU.ActiveCfg = Release|Any CPU
		{C166B237-504D-4CB8-ACFA-E55E54301B31}.Release|Any CPU.Build.0 = Release|Any CPU
		{1D8A9559-9C90-4305-9A69-6AAE0A0CB176}.Debug|Any CPU.ActiveCfg = Debug|Any CPU
		{1D8A9559-9C90-4305-9A69-6AAE0A0CB176}.Debug|Any CPU.Build.0 = Debug|Any CPU
		{1D8A9559-9C90-4305-9A69-6AAE0A0CB176}.Release|Any CPU.ActiveCfg = Release|Any CPU
		{1D8A9559-9C90-4305-9A69-6AAE0A0CB176}.Release|Any CPU.Build.0 = Release|Any CPU
		{379F017C-4A35-4412-8634-A35F1E90CB67}.Debug|Any CPU.ActiveCfg = Debug|Any CPU
		{379F017C-4A35-4412-8634-A35F1E90CB67}.Debug|Any CPU.Build.0 = Debug|Any CPU
		{379F017C-4A35-4412-8634-A35F1E90CB67}.Release|Any CPU.ActiveCfg = Release|Any CPU
		{379F017C-4A35-4412-8634-A35F1E90CB67}.Release|Any CPU.Build.0 = Release|Any CPU
		{607779C7-199F-46AF-A241-AC8439A31B9E}.Debug|Any CPU.ActiveCfg = Debug|Any CPU
		{607779C7-199F-46AF-A241-AC8439A31B9E}.Debug|Any CPU.Build.0 = Debug|Any CPU
		{607779C7-199F-46AF-A241-AC8439A31B9E}.Release|Any CPU.ActiveCfg = Release|Any CPU
		{607779C7-199F-46AF-A241-AC8439A31B9E}.Release|Any CPU.Build.0 = Release|Any CPU
	EndGlobalSection
	GlobalSection(SolutionProperties) = preSolution
		HideSolutionNode = FALSE
	EndGlobalSection
	GlobalSection(ExtensibilityGlobals) = postSolution
		SolutionGuid = {C0B22985-7767-4E8E-A655-C9372DF05F7D}
	EndGlobalSection
EndGlobal
